
Microsoft Visual Studio Solution File, Format Version 12.00
# Visual Studio Version 17
VisualStudioVersion = 17.2.32505.173
MinimumVisualStudioVersion = 10.0.40219.1
Project("{FAE04EC0-301F-11D3-BF4B-00C04F79EFBC}") = "Activity_1_WPF", "Activity_1_WPF\Activity_1_WPF.csproj", "{802575A7-C52A-44D9-A449-9EB306A7B21C}"
EndProject
Global
	GlobalSection(SolutionConfigurationPlatforms) = preSolution
		Debug|Any CPU = Debug|Any CPU
		Release|Any CPU = Release|Any CPU
	EndGlobalSection
	GlobalSection(ProjectConfigurationPlatforms) = postSolution
		{802575A7-C52A-44D9-A449-9EB306A7B21C}.Debug|Any CPU.ActiveCfg = Debug|Any CPU
		{802575A7-C52A-44D9-A449-9EB306A7B21C}.Debug|Any CPU.Build.0 = Debug|Any CPU
		{802575A7-C52A-44D9-A449-9EB306A7B21C}.Release|Any CPU.ActiveCfg = Release|Any CPU
		{802575A7-C52A-44D9-A449-9EB306A7B21C}.Release|Any CPU.Build.0 = Release|Any CPU
	EndGlobalSection
	GlobalSection(SolutionProperties) = preSolution
		HideSolutionNode = FALSE
	EndGlobalSection
	GlobalSection(ExtensibilityGlobals) = postSolution
		SolutionGuid = {4F58CF9D-662A-45CE-A677-09F560EA3759}
	EndGlobalSection
EndGlobal
